
Microsoft Visual Studio Solution File, Format Version 12.00
# Visual Studio 15
VisualStudioVersion = 15.0.28010.2048
MinimumVisualStudioVersion = 10.0.40219.1
Project("{FAE04EC0-301F-11D3-BF4B-00C04F79EFBC}") = "Diary Of Information", "Diary Of Information\Diary Of Information.csproj", "{39C23A89-880D-43B5-B3BB-0768922C12CA}"
EndProject
Global
	GlobalSection(SolutionConfigurationPlatforms) = preSolution
		Debug|Any CPU = Debug|Any CPU
		Release|Any CPU = Release|Any CPU
	EndGlobalSection
	GlobalSection(ProjectConfigurationPlatforms) = postSolution
		{39C23A89-880D-43B5-B3BB-0768922C12CA}.Debug|Any CPU.ActiveCfg = Debug|Any CPU
		{39C23A89-880D-43B5-B3BB-0768922C12CA}.Debug|Any CPU.Build.0 = Debug|Any CPU
		{39C23A89-880D-43B5-B3BB-0768922C12CA}.Release|Any CPU.ActiveCfg = Release|Any CPU
		{39C23A89-880D-43B5-B3BB-0768922C12CA}.Release|Any CPU.Build.0 = Release|Any CPU
	EndGlobalSection
	GlobalSection(SolutionProperties) = preSolution
		HideSolutionNode = FALSE
	EndGlobalSection
	GlobalSection(ExtensibilityGlobals) = postSolution
		SolutionGuid = {27BDD600-AB21-4186-825C-F5A31A6FB2DB}
	EndGlobalSection
EndGlobal
